
Microsoft Visual Studio Solution File, Format Version 12.00
# Visual Studio Version 17
VisualStudioVersion = 17.0.31912.275
MinimumVisualStudioVersion = 10.0.40219.1
Project("{9A19103F-16F7-4668-BE54-9A1E7A4F7556}") = "CreatingDll", "CreatingDll\CreatingDll.csproj", "{F75E212C-3947-4F9F-A4D8-4F60FC4D3283}"
EndProject
Project("{FAE04EC0-301F-11D3-BF4B-00C04F79EFBC}") = "MathLibrary", "MathLibrary\MathLibrary.csproj", "{FC913162-BFB7-441E-B82E-C0550D9CCF59}"
EndProject
Global
	GlobalSection(SolutionConfigurationPlatforms) = preSolution
		Debug|Any CPU = Debug|Any CPU
		Release|Any CPU = Release|Any CPU
	EndGlobalSection
	GlobalSection(ProjectConfigurationPlatforms) = postSolution
		{F75E212C-3947-4F9F-A4D8-4F60FC4D3283}.Debug|Any CPU.ActiveCfg = Debug|Any CPU
		{F75E212C-3947-4F9F-A4D8-4F60FC4D3283}.Debug|Any CPU.Build.0 = Debug|Any CPU
		{F75E212C-3947-4F9F-A4D8-4F60FC4D3283}.Release|Any CPU.ActiveCfg = Release|Any CPU
		{F75E212C-3947-4F9F-A4D8-4F60FC4D3283}.Release|Any CPU.Build.0 = Release|Any CPU
		{FC913162-BFB7-441E-B82E-C0550D9CCF59}.Debug|Any CPU.ActiveCfg = Debug|Any CPU
		{FC913162-BFB7-441E-B82E-C0550D9CCF59}.Debug|Any CPU.Build.0 = Debug|Any CPU
		{FC913162-BFB7-441E-B82E-C0550D9CCF59}.Release|Any CPU.ActiveCfg = Release|Any CPU
		{FC913162-BFB7-441E-B82E-C0550D9CCF59}.Release|Any CPU.Build.0 = Release|Any CPU
	EndGlobalSection
	GlobalSection(SolutionProperties) = preSolution
		HideSolutionNode = FALSE
	EndGlobalSection
	GlobalSection(ExtensibilityGlobals) = postSolution
		SolutionGuid = {975AAC44-5C63-48EB-9C48-8EB1F685A25B}
	EndGlobalSection
EndGlobal
